
Microsoft Visual Studio Solution File, Format Version 12.00
Project("{2150E333-8FDC-42A3-9474-1A3956D46DE8}") = "Tests", "Tests", "{7037C3E1-2D80-4DDC-9686-25CBED9F2A57}"
EndProject
Project("{2150E333-8FDC-42A3-9474-1A3956D46DE8}") = "Source", "Source", "{4681867D-8759-4065-8B2A-E22F52A35526}"
EndProject
Project("{FAE04EC0-301F-11D3-BF4B-00C04F79EFBC}") = "Linkerly.Web", "src\Linkerly.Web\Linkerly.Web.csproj", "{FDF29A44-87C7-42B6-A0E2-F36B706A17D5}"
EndProject
Project("{FAE04EC0-301F-11D3-BF4B-00C04F79EFBC}") = "Linkerly.Application", "src\Linkerly.Application\Linkerly.Application.csproj", "{0CCC6F4E-440F-46E3-A3E2-4FCEBB774B44}"
EndProject
Project("{FAE04EC0-301F-11D3-BF4B-00C04F79EFBC}") = "Linkerly.Core", "src\Linkerly.Core\Linkerly.Core.csproj", "{CBBC7F46-F94A-4B3D-8BE3-CA3E01E09C2E}"
EndProject
Project("{FAE04EC0-301F-11D3-BF4B-00C04F79EFBC}") = "Linkerly.Data", "src\Linkerly.Data\Linkerly.Data.csproj", "{7D1ED00F-C276-4796-AFB3-110530348DFD}"
EndProject
Project("{FAE04EC0-301F-11D3-BF4B-00C04F79EFBC}") = "Linkerly.Domain", "src\Linkerly.Domain\Linkerly.Domain.csproj", "{F816BC1A-D921-4104-8E4D-51470ED0B80B}"
EndProject
Project("{FAE04EC0-301F-11D3-BF4B-00C04F79EFBC}") = "Linkerly.Web.Tests", "tests\Linkerly.Web.Tests\Linkerly.Web.Tests.csproj", "{CA2276D6-5EC8-4AA6-97C1-BAE094597D7A}"
EndProject
Project("{FAE04EC0-301F-11D3-BF4B-00C04F79EFBC}") = "Linkerly.Application.Tests", "tests\Linkerly.Application.Tests\Linkerly.Application.Tests.csproj", "{86E783E6-AA82-4EB1-A8AA-4B231768FD71}"
EndProject
Project("{FAE04EC0-301F-11D3-BF4B-00C04F79EFBC}") = "Linkerly.Core.Tests", "tests\Linkerly.Core.Tests\Linkerly.Core.Tests.csproj", "{DE11287B-E961-4A0A-8F1D-251D6D45F25F}"
EndProject
Project("{FAE04EC0-301F-11D3-BF4B-00C04F79EFBC}") = "Linkerly.Data.Tests", "tests\Linkerly.Data.Tests\Linkerly.Data.Tests.csproj", "{45693F0F-12BF-4A1F-9417-E80518438A00}"
EndProject
Project("{FAE04EC0-301F-11D3-BF4B-00C04F79EFBC}") = "Linkerly.Domain.Tests", "tests\Linkerly.Domain.Tests\Linkerly.Domain.Tests.csproj", "{696CB1CB-C561-4571-8EC9-5BA565E37AEE}"
EndProject
Global
	GlobalSection(SolutionConfigurationPlatforms) = preSolution
		Debug|Any CPU = Debug|Any CPU
		Release|Any CPU = Release|Any CPU
	EndGlobalSection
	GlobalSection(NestedProjects) = preSolution
		{FDF29A44-87C7-42B6-A0E2-F36B706A17D5} = {4681867D-8759-4065-8B2A-E22F52A35526}
		{0CCC6F4E-440F-46E3-A3E2-4FCEBB774B44} = {4681867D-8759-4065-8B2A-E22F52A35526}
		{CBBC7F46-F94A-4B3D-8BE3-CA3E01E09C2E} = {4681867D-8759-4065-8B2A-E22F52A35526}
		{7D1ED00F-C276-4796-AFB3-110530348DFD} = {4681867D-8759-4065-8B2A-E22F52A35526}
		{F816BC1A-D921-4104-8E4D-51470ED0B80B} = {4681867D-8759-4065-8B2A-E22F52A35526}
		{CA2276D6-5EC8-4AA6-97C1-BAE094597D7A} = {7037C3E1-2D80-4DDC-9686-25CBED9F2A57}
		{86E783E6-AA82-4EB1-A8AA-4B231768FD71} = {7037C3E1-2D80-4DDC-9686-25CBED9F2A57}
		{DE11287B-E961-4A0A-8F1D-251D6D45F25F} = {7037C3E1-2D80-4DDC-9686-25CBED9F2A57}
		{45693F0F-12BF-4A1F-9417-E80518438A00} = {7037C3E1-2D80-4DDC-9686-25CBED9F2A57}
		{696CB1CB-C561-4571-8EC9-5BA565E37AEE} = {7037C3E1-2D80-4DDC-9686-25CBED9F2A57}
	EndGlobalSection
	GlobalSection(ProjectConfigurationPlatforms) = postSolution
		{FDF29A44-87C7-42B6-A0E2-F36B706A17D5}.Debug|Any CPU.ActiveCfg = Debug|Any CPU
		{FDF29A44-87C7-42B6-A0E2-F36B706A17D5}.Debug|Any CPU.Build.0 = Debug|Any CPU
		{FDF29A44-87C7-42B6-A0E2-F36B706A17D5}.Release|Any CPU.ActiveCfg = Release|Any CPU
		{FDF29A44-87C7-42B6-A0E2-F36B706A17D5}.Release|Any CPU.Build.0 = Release|Any CPU
		{0CCC6F4E-440F-46E3-A3E2-4FCEBB774B44}.Debug|Any CPU.ActiveCfg = Debug|Any CPU
		{0CCC6F4E-440F-46E3-A3E2-4FCEBB774B44}.Debug|Any CPU.Build.0 = Debug|Any CPU
		{0CCC6F4E-440F-46E3-A3E2-4FCEBB774B44}.Release|Any CPU.ActiveCfg = Release|Any CPU
		{0CCC6F4E-440F-46E3-A3E2-4FCEBB774B44}.Release|Any CPU.Build.0 = Release|Any CPU
		{CBBC7F46-F94A-4B3D-8BE3-CA3E01E09C2E}.Debug|Any CPU.ActiveCfg = Debug|Any CPU
		{CBBC7F46-F94A-4B3D-8BE3-CA3E01E09C2E}.Debug|Any CPU.Build.0 = Debug|Any CPU
		{CBBC7F46-F94A-4B3D-8BE3-CA3E01E09C2E}.Release|Any CPU.ActiveCfg = Release|Any CPU
		{CBBC7F46-F94A-4B3D-8BE3-CA3E01E09C2E}.Release|Any CPU.Build.0 = Release|Any CPU
		{7D1ED00F-C276-4796-AFB3-110530348DFD}.Debug|Any CPU.ActiveCfg = Debug|Any CPU
		{7D1ED00F-C276-4796-AFB3-110530348DFD}.Debug|Any CPU.Build.0 = Debug|Any CPU
		{7D1ED00F-C276-4796-AFB3-110530348DFD}.Release|Any CPU.ActiveCfg = Release|Any CPU
		{7D1ED00F-C276-4796-AFB3-110530348DFD}.Release|Any CPU.Build.0 = Release|Any CPU
		{F816BC1A-D921-4104-8E4D-51470ED0B80B}.Debug|Any CPU.ActiveCfg = Debug|Any CPU
		{F816BC1A-D921-4104-8E4D-51470ED0B80B}.Debug|Any CPU.Build.0 = Debug|Any CPU
		{F816BC1A-D921-4104-8E4D-51470ED0B80B}.Release|Any CPU.ActiveCfg = Release|Any CPU
		{F816BC1A-D921-4104-8E4D-51470ED0B80B}.Release|Any CPU.Build.0 = Release|Any CPU
		{CA2276D6-5EC8-4AA6-97C1-BAE094597D7A}.Debug|Any CPU.ActiveCfg = Debug|Any CPU
		{CA2276D6-5EC8-4AA6-97C1-BAE094597D7A}.Debug|Any CPU.Build.0 = Debug|Any CPU
		{CA2276D6-5EC8-4AA6-97C1-BAE094597D7A}.Release|Any CPU.ActiveCfg = Release|Any CPU
		{CA2276D6-5EC8-4AA6-97C1-BAE094597D7A}.Release|Any CPU.Build.0 = Release|Any CPU
		{86E783E6-AA82-4EB1-A8AA-4B231768FD71}.Debug|Any CPU.ActiveCfg = Debug|Any CPU
		{86E783E6-AA82-4EB1-A8AA-4B231768FD71}.Debug|Any CPU.Build.0 = Debug|Any CPU
		{86E783E6-AA82-4EB1-A8AA-4B231768FD71}.Release|Any CPU.ActiveCfg = Release|Any CPU
		{86E783E6-AA82-4EB1-A8AA-4B231768FD71}.Release|Any CPU.Build.0 = Release|Any CPU
		{DE11287B-E961-4A0A-8F1D-251D6D45F25F}.Debug|Any CPU.ActiveCfg = Debug|Any CPU
		{DE11287B-E961-4A0A-8F1D-251D6D45F25F}.Debug|Any CPU.Build.0 = Debug|Any CPU
		{DE11287B-E961-4A0A-8F1D-251D6D45F25F}.Release|Any CPU.ActiveCfg = Release|Any CPU
		{DE11287B-E961-4A0A-8F1D-251D6D45F25F}.Release|Any CPU.Build.0 = Release|Any CPU
		{45693F0F-12BF-4A1F-9417-E80518438A00}.Debug|Any CPU.ActiveCfg = Debug|Any CPU
		{45693F0F-12BF-4A1F-9417-E80518438A00}.Debug|Any CPU.Build.0 = Debug|Any CPU
		{45693F0F-12BF-4A1F-9417-E80518438A00}.Release|Any CPU.ActiveCfg = Release|Any CPU
		{45693F0F-12BF-4A1F-9417-E80518438A00}.Release|Any CPU.Build.0 = Release|Any CPU
		{696CB1CB-C561-4571-8EC9-5BA565E37AEE}.Debug|Any CPU.ActiveCfg = Debug|Any CPU
		{696CB1CB-C561-4571-8EC9-5BA565E37AEE}.Debug|Any CPU.Build.0 = Debug|Any CPU
		{696CB1CB-C561-4571-8EC9-5BA565E37AEE}.Release|Any CPU.ActiveCfg = Release|Any CPU
		{696CB1CB-C561-4571-8EC9-5BA565E37AEE}.Release|Any CPU.Build.0 = Release|Any CPU
	EndGlobalSection
EndGlobal
